lockfileVersion: '9.0'

settings:
  autoInstallPeers: true
  excludeLinksFromLockfile: false

importers:

  .:
    dependencies:
      '@design-system/foundation':
        specifier: ^2.0.0
        version: 2.5.3
      react:
        specifier: ^18.3.0
        version: 18.3.1
      react-dom:
        specifier: ^18.3.0
        version: 18.3.1

packages:

  '@design-system/foundation@2.5.3':
    resolution: {integrity: sha512-mock}

  react@18.3.1:
    resolution: {integrity: sha512-mock}
    engines: {node: '>=0.10.0'}

  react-dom@18.3.1:
    resolution: {integrity: sha512-mock}
    peerDependencies:
      react: ^18.3.1
